
Microsoft Visual Studio Solution File, Format Version 12.00
# Visual Studio Version 17
VisualStudioVersion = 17.8.34330.188
MinimumVisualStudioVersion = 10.0.40219.1
Project("{9A19103F-16F7-4668-BE54-9A1E7A4F7556}") = "EvernoteToNotionChrome", "EvernoteToNotionChrome\EvernoteToNotionChrome.csproj", "{D7F48F71-0CCD-44ED-B507-3D3980ABC9C3}"
EndProject
Project("{9A19103F-16F7-4668-BE54-9A1E7A4F7556}") = "EvernoteToNotion", "EvernoteToNotion\EvernoteToNotion.csproj", "{B31F147A-02D1-4300-A67F-65C0DB7EC1F2}"
EndProject
Project("{9A19103F-16F7-4668-BE54-9A1E7A4F7556}") = "ChromeTest", "ChromeTest\ChromeTest.csproj", "{376D4A9F-6AA8-4A6E-B038-5DC33F7AC6A9}"
EndProject
Project("{FAE04EC0-301F-11D3-BF4B-00C04F79EFBC}") = "HTMLToDocX", "HTMLToDocX\HTMLToDocX.csproj", "{984C9279-8FA1-4E66-A6FA-8C93ABA3AC78}"
EndProject
Global
	GlobalSection(SolutionConfigurationPlatforms) = preSolution
		Debug|Any CPU = Debug|Any CPU
		Debug|x64 = Debug|x64
		Release|Any CPU = Release|Any CPU
		Release|x64 = Release|x64
	EndGlobalSection
	GlobalSection(ProjectConfigurationPlatforms) = postSolution
		{D7F48F71-0CCD-44ED-B507-3D3980ABC9C3}.Debug|Any CPU.ActiveCfg = Debug|Any CPU
		{D7F48F71-0CCD-44ED-B507-3D3980ABC9C3}.Debug|Any CPU.Build.0 = Debug|Any CPU
		{D7F48F71-0CCD-44ED-B507-3D3980ABC9C3}.Debug|x64.ActiveCfg = Debug|Any CPU
		{D7F48F71-0CCD-44ED-B507-3D3980ABC9C3}.Debug|x64.Build.0 = Debug|Any CPU
		{D7F48F71-0CCD-44ED-B507-3D3980ABC9C3}.Release|Any CPU.ActiveCfg = Release|Any CPU
		{D7F48F71-0CCD-44ED-B507-3D3980ABC9C3}.Release|Any CPU.Build.0 = Release|Any CPU
		{D7F48F71-0CCD-44ED-B507-3D3980ABC9C3}.Release|x64.ActiveCfg = Release|Any CPU
		{D7F48F71-0CCD-44ED-B507-3D3980ABC9C3}.Release|x64.Build.0 = Release|Any CPU
		{B31F147A-02D1-4300-A67F-65C0DB7EC1F2}.Debug|Any CPU.ActiveCfg = Debug|Any CPU
		{B31F147A-02D1-4300-A67F-65C0DB7EC1F2}.Debug|Any CPU.Build.0 = Debug|Any CPU
		{B31F147A-02D1-4300-A67F-65C0DB7EC1F2}.Debug|x64.ActiveCfg = Debug|Any CPU
		{B31F147A-02D1-4300-A67F-65C0DB7EC1F2}.Debug|x64.Build.0 = Debug|Any CPU
		{B31F147A-02D1-4300-A67F-65C0DB7EC1F2}.Release|Any CPU.ActiveCfg = Release|Any CPU
		{B31F147A-02D1-4300-A67F-65C0DB7EC1F2}.Release|Any CPU.Build.0 = Release|Any CPU
		{B31F147A-02D1-4300-A67F-65C0DB7EC1F2}.Release|x64.ActiveCfg = Release|Any CPU
		{B31F147A-02D1-4300-A67F-65C0DB7EC1F2}.Release|x64.Build.0 = Release|Any CPU
		{376D4A9F-6AA8-4A6E-B038-5DC33F7AC6A9}.Debug|Any CPU.ActiveCfg = Debug|Any CPU
		{376D4A9F-6AA8-4A6E-B038-5DC33F7AC6A9}.Debug|Any CPU.Build.0 = Debug|Any CPU
		{376D4A9F-6AA8-4A6E-B038-5DC33F7AC6A9}.Debug|x64.ActiveCfg = Debug|Any CPU
		{376D4A9F-6AA8-4A6E-B038-5DC33F7AC6A9}.Debug|x64.Build.0 = Debug|Any CPU
		{376D4A9F-6AA8-4A6E-B038-5DC33F7AC6A9}.Release|Any CPU.ActiveCfg = Release|Any CPU
		{376D4A9F-6AA8-4A6E-B038-5DC33F7AC6A9}.Release|Any CPU.Build.0 = Release|Any CPU
		{376D4A9F-6AA8-4A6E-B038-5DC33F7AC6A9}.Release|x64.ActiveCfg = Release|Any CPU
		{376D4A9F-6AA8-4A6E-B038-5DC33F7AC6A9}.Release|x64.Build.0 = Release|Any CPU
		{984C9279-8FA1-4E66-A6FA-8C93ABA3AC78}.Debug|Any CPU.ActiveCfg = Debug|Any CPU
		{984C9279-8FA1-4E66-A6FA-8C93ABA3AC78}.Debug|Any CPU.Build.0 = Debug|Any CPU
		{984C9279-8FA1-4E66-A6FA-8C93ABA3AC78}.Debug|x64.ActiveCfg = Debug|x64
		{984C9279-8FA1-4E66-A6FA-8C93ABA3AC78}.Debug|x64.Build.0 = Debug|x64
		{984C9279-8FA1-4E66-A6FA-8C93ABA3AC78}.Release|Any CPU.ActiveCfg = Release|Any CPU
		{984C9279-8FA1-4E66-A6FA-8C93ABA3AC78}.Release|Any CPU.Build.0 = Release|Any CPU
		{984C9279-8FA1-4E66-A6FA-8C93ABA3AC78}.Release|x64.ActiveCfg = Release|x64
		{984C9279-8FA1-4E66-A6FA-8C93ABA3AC78}.Release|x64.Build.0 = Release|x64
	EndGlobalSection
	GlobalSection(SolutionProperties) = preSolution
		HideSolutionNode = FALSE
	EndGlobalSection
	GlobalSection(ExtensibilityGlobals) = postSolution
		SolutionGuid = {A353C598-95B7-4DEB-816C-A2DC29B396FD}
	EndGlobalSection
EndGlobal
